
Microsoft Visual Studio Solution File, Format Version 12.00
# Visual Studio 15
VisualStudioVersion = 15.0.28307.1062
MinimumVisualStudioVersion = 10.0.40219.1
Project("{FAE04EC0-301F-11D3-BF4B-00C04F79EFBC}") = "OAManager", "OAManager\OAManager.csproj", "{256AF9DC-04B0-4A8D-B1B8-F648712B220E}"
EndProject
Global
	GlobalSection(SolutionConfigurationPlatforms) = preSolution
		Debug|Any CPU = Debug|Any CPU
		Release|Any CPU = Release|Any CPU
	EndGlobalSection
	GlobalSection(ProjectConfigurationPlatforms) = postSolution
		{256AF9DC-04B0-4A8D-B1B8-F648712B220E}.Debug|Any CPU.ActiveCfg = Debug|Any CPU
		{256AF9DC-04B0-4A8D-B1B8-F648712B220E}.Debug|Any CPU.Build.0 = Debug|Any CPU
		{256AF9DC-04B0-4A8D-B1B8-F648712B220E}.Release|Any CPU.ActiveCfg = Release|Any CPU
		{256AF9DC-04B0-4A8D-B1B8-F648712B220E}.Release|Any CPU.Build.0 = Release|Any CPU
	EndGlobalSection
	GlobalSection(SolutionProperties) = preSolution
		HideSolutionNode = FALSE
	EndGlobalSection
	GlobalSection(ExtensibilityGlobals) = postSolution
		SolutionGuid = {37BA8677-5B7B-42FC-8AFF-929D0AA512F6}
	EndGlobalSection
EndGlobal
